<?xml version="1.0" encoding="utf-8"?>
<Project ToolsVersion="4.0" xmlns="http://schemas.microsoft.com/developer/msbuild/2003">
  <ItemGroup>
    <Filter Include="Source Files">
      <UniqueIdentifier>{4FC737F1-C7A5-4376-A066-2A32D752A2FF}</UniqueIdentifier>
      <Extensions>cpp;c;cc;cxx;def;odl;idl;hpj;bat;asm;asmx</Extensions>
    </Filter>
    <Filter Include="Header Files">
      <UniqueIdentifier>{93995380-89BD-4b04-88EB-625FBE52EBFB}</UniqueIdentifier>
      <Extensions>h;hpp;hxx;hm;inl;inc;xsd</Extensions>
    </Filter>
    <Filter Include="Resource Files">
      <UniqueIdentifier>{67DA6AB6-F800-4c08-8B7A-83BB121AAD01}</UniqueIdentifier>
      <Extensions>rc;ico;cur;bmp;dlg;rc2;rct;bin;rgs;gif;jpg;jpeg;jpe;resx;tiff;tif;png;wav</Extensions>
    </Filter>
    <Filter Include="Source">
      <UniqueIdentifier>{52814f44-df2d-4791-873e-3382cc224860}</UniqueIdentifier>
    </Filter>
    <Filter Include="Source\Core">
      <UniqueIdentifier>{2ae681c5-4d58-46a5-b5c1-21595b640c77}</UniqueIdentifier>
    </Filter>
    <Filter Include="Source\Core\Utils">
      <UniqueIdentifier>{d08f58d8-2a88-412a-b828-9868508b66fc}</UniqueIdentifier>
    </Filter>
    <Filter Include="Source\Core\Utils\Tests">
      <UniqueIdentifier>{401bfaf5-fdc7-46d0-bb5a-806aadb9e69c}</UniqueIdentifier>
    </Filter>
    <Filter Include="Source\Core\3rdpart">
      <UniqueIdentifier>{3ff40a91-717f-4100-b3d1-61e7a4bcee2b}</UniqueIdentifier>
    </Filter>
    <Filter Include="Source\Core\3rdpart\GumboQuery">
      <UniqueIdentifier>{4985c8fc-0676-41bf-8d04-b2de089b9737}</UniqueIdentifier>
    </Filter>
    <Filter Include="Source\Core\3rdpart\GumboQuery\Tests">
      <UniqueIdentifier>{de8325fd-11f9-4e94-a5d5-abc3cf5af835}</UniqueIdentifier>
    </Filter>
    <Filter Include="Source\Core\Scripting">
      <UniqueIdentifier>{ebcc9904-683d-4add-8957-4954341b6a03}</UniqueIdentifier>
    </Filter>
    <Filter Include="Source\Core\Scripting\API">
      <UniqueIdentifier>{7dc1014b-2592-4ca3-8d9e-45a258f6d5a2}</UniqueIdentifier>
    </Filter>
    <Filter Include="Source\Core\Network">
      <UniqueIdentifier>{138b874e-d395-42d5-861c-b57b45981666}</UniqueIdentifier>
    </Filter>
    <Filter Include="Source\Core\Scripting\API\GumboBindings">
      <UniqueIdentifier>{ea55d538-3c08-46f3-8c48-9bb57d35f34b}</UniqueIdentifier>
    </Filter>
    <Filter Include="Source\Core\Upload">
      <UniqueIdentifier>{21b92aee-0e6c-4d39-a9e1-f63ef97ed304}</UniqueIdentifier>
    </Filter>
    <Filter Include="Source\Core\Settings">
      <UniqueIdentifier>{407fac5b-4e69-4674-a217-0f7394226d86}</UniqueIdentifier>
    </Filter>
    <Filter Include="Source\Core\Upload\UploadFilters">
      <UniqueIdentifier>{cfbcfc47-8688-4464-b6d5-e2e9dc5e5b59}</UniqueIdentifier>
    </Filter>
    <Filter Include="Source\Core\Scripting\API\Tests">
      <UniqueIdentifier>{9dd28b02-f5e3-46e5-be5a-3f1995b0eccb}</UniqueIdentifier>
    </Filter>
    <Filter Include="Source\Core\Logging">
      <UniqueIdentifier>{c131354d-94e0-405d-bf08-d99b82023755}</UniqueIdentifier>
    </Filter>
    <Filter Include="Source\Func">
      <UniqueIdentifier>{5c7a80c4-9be8-4e93-a54d-66496bf1a559}</UniqueIdentifier>
    </Filter>
    <Filter Include="Source\Func\Tests">
      <UniqueIdentifier>{cc44f947-14a0-4b24-902f-3079f3645472}</UniqueIdentifier>
    </Filter>
    <Filter Include="Source\Core\Images">
      <UniqueIdentifier>{57681546-a707-4888-9d70-0b60e306486b}</UniqueIdentifier>
    </Filter>
    <Filter Include="Source\Core\Images\Tests">
      <UniqueIdentifier>{a060515e-30e8-43e8-baec-667da856795a}</UniqueIdentifier>
    </Filter>
    <Filter Include="Source\ImageEditor">
      <UniqueIdentifier>{fd17a845-100e-4f66-9ae5-c37e3ee00b49}</UniqueIdentifier>
    </Filter>
    <Filter Include="Source\ImageEditor\Helpers">
      <UniqueIdentifier>{a18a7055-138e-4ccc-9043-af2bdbca2c9b}</UniqueIdentifier>
    </Filter>
    <Filter Include="Source\ImageEditor\Helpers\Tests">
      <UniqueIdentifier>{ba606d34-5604-41f0-8ced-bf21a2a5e11c}</UniqueIdentifier>
    </Filter>
    <Filter Include="Source\Core\Upload\Tests">
      <UniqueIdentifier>{b97b93df-fefb-4940-9540-2e4933a77612}</UniqueIdentifier>
    </Filter>
    <Filter Include="Source\Core\Network\Tests">
      <UniqueIdentifier>{29ec217b-a164-4b69-abec-99ff13b4e2c4}</UniqueIdentifier>
    </Filter>
  </ItemGroup>
  <ItemGroup>
    <ClCompile Include="Tests.cpp">
      <Filter>Source Files</Filter>
    </ClCompile>
    <ClCompile Include="..\Core\Utils\CoreUtils.cpp">
      <Filter>Source\Core\Utils</Filter>
    </ClCompile>
    <ClCompile Include="..\Core\Utils\StringUtils.cpp">
      <Filter>Source\Core\Utils</Filter>
    </ClCompile>
    <ClCompile Include="..\Core\3rdpart\CodePages.cpp">
      <Filter>Source\Core\3rdpart</Filter>
    </ClCompile>
    <ClCompile Include="..\Core\Utils\Tests\CoreUtilsTest.cpp">
      <Filter>Source\Core\Utils\Tests</Filter>
    </ClCompile>
    <ClCompile Include="stdafx.cpp">
      <Filter>Source Files</Filter>
    </ClCompile>
    <ClCompile Include="..\Core\Utils\CryptoUtils.cpp">
      <Filter>Source\Core\Utils</Filter>
    </ClCompile>
    <ClCompile Include="..\Core\3rdpart\base64.cpp">
      <Filter>Source\Core\3rdpart</Filter>
    </ClCompile>
    <ClCompile Include="..\Core\Utils\Tests\CryptoUtilsTest.cpp">
      <Filter>Source\Core\Utils\Tests</Filter>
    </ClCompile>
    <ClCompile Include="..\Core\Utils\Tests\TextUtilsTest.cpp">
      <Filter>Source\Core\Utils\Tests</Filter>
    </ClCompile>
    <ClCompile Include="..\Core\Utils\TextUtils.cpp">
      <Filter>Source\Core\Utils</Filter>
    </ClCompile>
    <ClCompile Include="..\Core\3rdpart\htmlentities.cpp">
      <Filter>Source\Core\3rdpart</Filter>
    </ClCompile>
    <ClCompile Include="..\Core\3rdpart\pcreplusplus.cpp">
      <Filter>Source\Core\3rdpart</Filter>
    </ClCompile>
    <ClCompile Include="..\Core\3rdpart\GumboQuery\Node.cpp">
      <Filter>Source\Core\3rdpart\GumboQuery</Filter>
    </ClCompile>
    <ClCompile Include="..\Core\3rdpart\GumboQuery\Object.cpp">
      <Filter>Source\Core\3rdpart\GumboQuery</Filter>
    </ClCompile>
    <ClCompile Include="..\Core\3rdpart\GumboQuery\QueryUtil.cpp">
      <Filter>Source\Core\3rdpart\GumboQuery</Filter>
    </ClCompile>
    <ClCompile Include="..\Core\3rdpart\GumboQuery\Selection.cpp">
      <Filter>Source\Core\3rdpart\GumboQuery</Filter>
    </ClCompile>
    <ClCompile Include="..\Core\3rdpart\GumboQuery\Selector.cpp">
      <Filter>Source\Core\3rdpart\GumboQuery</Filter>
    </ClCompile>
    <ClCompile Include="..\Core\3rdpart\GumboQuery\Tests\GumboTest.cpp">
      <Filter>Source\Core\3rdpart\GumboQuery\Tests</Filter>
    </ClCompile>
    <ClCompile Include="..\Core\3rdpart\GumboQuery\GQDocument.cpp">
      <Filter>Source\Core\3rdpart\GumboQuery</Filter>
    </ClCompile>
    <ClCompile Include="..\Core\3rdpart\GumboQuery\GQ_Parser.cpp">
      <Filter>Source\Core\3rdpart\GumboQuery</Filter>
    </ClCompile>
    <ClCompile Include="..\Core\Utils\Tests\StringUtilsTest.cpp">
      <Filter>Source\Core\Utils\Tests</Filter>
    </ClCompile>
    <ClCompile Include="..\Core\Scripting\API\COMUtils.cpp">
      <Filter>Source\Core\Scripting\API</Filter>
    </ClCompile>
    <ClCompile Include="..\Core\Scripting\API\Functions.cpp">
      <Filter>Source\Core\Scripting\API</Filter>
    </ClCompile>
    <ClCompile Include="..\Core\Scripting\API\Process.cpp">
      <Filter>Source\Core\Scripting\API</Filter>
    </ClCompile>
    <ClCompile Include="..\Core\Scripting\API\RegularExpression.cpp">
      <Filter>Source\Core\Scripting\API</Filter>
    </ClCompile>
    <ClCompile Include="..\Core\Scripting\API\ScriptAPI.cpp">
      <Filter>Source\Core\Scripting\API</Filter>
    </ClCompile>
    <ClCompile Include="..\Core\Scripting\API\UploadTaskWrappers.cpp">
      <Filter>Source\Core\Scripting\API</Filter>
    </ClCompile>
    <ClCompile Include="..\Core\AppParams.cpp">
      <Filter>Source\Core</Filter>
    </ClCompile>
    <ClCompile Include="..\Core\ServiceLocator.cpp">
      <Filter>Source\Core</Filter>
    </ClCompile>
    <ClCompile Include="..\Core\Utils\DesktopUtils.cpp">
      <Filter>Source\Core\Utils</Filter>
    </ClCompile>
    <ClCompile Include="..\Core\Network\NetworkClient.cpp">
      <Filter>Source\Core\Network</Filter>
    </ClCompile>
    <ClCompile Include="..\Core\Network\CurlShare.cpp">
      <Filter>Source\Core\Network</Filter>
    </ClCompile>
    <ClCompile Include="..\Core\Scripting\API\GumboBingings\GumboDocument.cpp">
      <Filter>Source\Core\Scripting\API\GumboBindings</Filter>
    </ClCompile>
    <ClCompile Include="..\Core\Utils\SimpleXml.cpp">
      <Filter>Source\Core\Utils</Filter>
    </ClCompile>
    <ClCompile Include="..\Core\Upload\ConsoleUploadErrorHandler.cpp">
      <Filter>Source\Core\Upload</Filter>
    </ClCompile>
    <ClCompile Include="..\Core\Upload\DefaultUploadEngine.cpp">
      <Filter>Source\Core\Upload</Filter>
    </ClCompile>
    <ClCompile Include="..\Core\Upload\FileQueueUploader.cpp">
      <Filter>Source\Core\Upload</Filter>
    </ClCompile>
    <ClCompile Include="..\Core\Upload\FileQueueUploaderPrivate.cpp">
      <Filter>Source\Core\Upload</Filter>
    </ClCompile>
    <ClCompile Include="..\Core\Upload\FileUploadTask.cpp">
      <Filter>Source\Core\Upload</Filter>
    </ClCompile>
    <ClCompile Include="..\Core\Upload\FolderList.cpp">
      <Filter>Source\Core\Upload</Filter>
    </ClCompile>
    <ClCompile Include="..\Core\Upload\ScriptUploadEngine.cpp">
      <Filter>Source\Core\Upload</Filter>
    </ClCompile>
    <ClCompile Include="..\Core\Upload\ServerProfile.cpp">
      <Filter>Source\Core\Upload</Filter>
    </ClCompile>
    <ClCompile Include="..\Core\Upload\ServerSync.cpp">
      <Filter>Source\Core\Upload</Filter>
    </ClCompile>
    <ClCompile Include="..\Core\Upload\UploadEngine.cpp">
      <Filter>Source\Core\Upload</Filter>
    </ClCompile>
    <ClCompile Include="..\Core\Upload\UploadEngineManager.cpp">
      <Filter>Source\Core\Upload</Filter>
    </ClCompile>
    <ClCompile Include="..\Core\Upload\Uploader.cpp">
      <Filter>Source\Core\Upload</Filter>
    </ClCompile>
    <ClCompile Include="..\Core\Upload\UploadManager.cpp">
      <Filter>Source\Core\Upload</Filter>
    </ClCompile>
    <ClCompile Include="..\Core\Upload\UploadSession.cpp">
      <Filter>Source\Core\Upload</Filter>
    </ClCompile>
    <ClCompile Include="..\Core\Upload\UploadTask.cpp">
      <Filter>Source\Core\Upload</Filter>
    </ClCompile>
    <ClCompile Include="..\Core\Upload\UrlShorteningTask.cpp">
      <Filter>Source\Core\Upload</Filter>
    </ClCompile>
    <ClCompile Include="..\Core\3rdpart\tinystr.cpp">
      <Filter>Source\Core\3rdpart</Filter>
    </ClCompile>
    <ClCompile Include="..\Core\3rdpart\tinyxml.cpp">
      <Filter>Source\Core\3rdpart</Filter>
    </ClCompile>
    <ClCompile Include="..\Core\3rdpart\tinyxmlerror.cpp">
      <Filter>Source\Core\3rdpart</Filter>
    </ClCompile>
    <ClCompile Include="..\Core\3rdpart\tinyxmlparser.cpp">
      <Filter>Source\Core\3rdpart</Filter>
    </ClCompile>
    <ClCompile Include="..\Core\TempFileDeleter.cpp">
      <Filter>Source\Core</Filter>
    </ClCompile>
    <ClCompile Include="..\Core\ThreadSync.cpp">
      <Filter>Source\Core</Filter>
    </ClCompile>
    <ClCompile Include="..\Core\LocalFileCache.cpp">
      <Filter>Source\Core</Filter>
    </ClCompile>
    <ClCompile Include="..\Core\HistoryManager.cpp">
      <Filter>Source\Core</Filter>
    </ClCompile>
    <ClCompile Include="..\Core\Utils\GlobalMutex.cpp">
      <Filter>Source\Core\Utils</Filter>
    </ClCompile>
    <ClCompile Include="..\Core\Scripting\Script.cpp">
      <Filter>Source\Core\Scripting</Filter>
    </ClCompile>
    <ClCompile Include="..\Core\Scripting\ScriptsManager.cpp">
      <Filter>Source\Core\Scripting</Filter>
    </ClCompile>
    <ClCompile Include="..\Core\Scripting\UploadFilterScript.cpp">
      <Filter>Source\Core\Scripting</Filter>
    </ClCompile>
    <ClCompile Include="..\Core\CoreFunctions.cpp">
      <Filter>Source\Core</Filter>
    </ClCompile>
    <ClCompile Include="..\Core\Settings.cpp">
      <Filter>Source\Core</Filter>
    </ClCompile>
    <ClCompile Include="..\Core\Settings\BasicSettings.cpp">
      <Filter>Source\Core\Settings</Filter>
    </ClCompile>
    <ClCompile Include="..\Core\SettingsManager.cpp">
      <Filter>Source\Core</Filter>
    </ClCompile>
    <ClCompile Include="..\Core\Settings\EncodedPassword.cpp">
      <Filter>Source\Core\Settings</Filter>
    </ClCompile>
    <ClCompile Include="..\Core\Upload\Filters\UrlShorteningFilter.cpp">
      <Filter>Source\Core\Upload\UploadFilters</Filter>
    </ClCompile>
    <ClCompile Include="..\Core\Upload\Filters\UserFilter.cpp">
      <Filter>Source\Core\Upload\UploadFilters</Filter>
    </ClCompile>
    <ClCompile Include="..\Core\Logging\ConsoleLogger.cpp">
      <Filter>Source\Core\Logging</Filter>
    </ClCompile>
    <ClCompile Include="..\Core\Utils\ConsoleUtils.cpp">
      <Filter>Source\Core\Utils</Filter>
    </ClCompile>
    <ClCompile Include="..\Core\Logging\MyLogSink.cpp">
      <Filter>Source\Core\Logging</Filter>
    </ClCompile>
    <ClCompile Include="..\Func\CmdLine.cpp">
      <Filter>Source\Func</Filter>
    </ClCompile>
    <ClCompile Include="..\Func\Tests\CmdLineTest.cpp">
      <Filter>Source\Func\Tests</Filter>
    </ClCompile>
    <ClCompile Include="..\Func\WinUtils.cpp">
      <Filter>Source\Func</Filter>
    </ClCompile>
    <ClCompile Include="..\3rdpart\Registry.cpp">
      <Filter>Source\Func</Filter>
    </ClCompile>
    <ClCompile Include="..\Core\Logging.cpp">
      <Filter>Source\Core</Filter>
    </ClCompile>
    <ClCompile Include="..\Core\Images\Utils.cpp">
      <Filter>Source\Core\Images</Filter>
    </ClCompile>
    <ClCompile Include="..\3rdpart\QColorQuantizer.cpp">
      <Filter>Source\Core\3rdpart</Filter>
    </ClCompile>
    <ClCompile Include="..\Func\IuCommonFunctions.cpp">
      <Filter>Source\Func</Filter>
    </ClCompile>
    <ClCompile Include="..\Core\Images\Tests\UtilsTest.cpp">
      <Filter>Source\Core\Images\Tests</Filter>
    </ClCompile>
    <ClCompile Include="..\Func\GdiPlusInitializer.cpp">
      <Filter>Source\Func</Filter>
    </ClCompile>
    <ClCompile Include="..\ImageEditor\Helpers\Tests\FontEnumeratorTest.cpp">
      <Filter>Source\ImageEditor\Helpers\Tests</Filter>
    </ClCompile>
    <ClCompile Include="..\ImageEditor\Helpers\FontEnumerator.cpp">
      <Filter>Source\ImageEditor\Helpers</Filter>
    </ClCompile>
    <ClCompile Include="..\Core\Upload\Tests\UploadEngineListTest.cpp">
      <Filter>Source\Core\Upload\Tests</Filter>
    </ClCompile>
    <ClCompile Include="..\Core\UploadEngineList.cpp">
      <Filter>Source\Core</Filter>
    </ClCompile>
    <ClCompile Include="..\Core\Upload\AdvancedUploadEngine.cpp">
      <Filter>Source\Core\Upload</Filter>
    </ClCompile>
    <ClCompile Include="..\Core\Upload\MegaNzUploadEngine.cpp">
      <Filter>Source\Core\Upload</Filter>
    </ClCompile>
  </ItemGroup>
  <ItemGroup>
    <ClInclude Include="stdafx.h">
      <Filter>Header Files</Filter>
    </ClInclude>
    <ClInclude Include="targetver.h">
      <Filter>Header Files</Filter>
    </ClInclude>
    <ClInclude Include="..\Core\3rdpart\tinystr.h">
      <Filter>Source\Core\3rdpart</Filter>
    </ClInclude>
    <ClInclude Include="..\Core\3rdpart\tinyxml.h">
      <Filter>Source\Core\3rdpart</Filter>
    </ClInclude>
    <ClInclude Include="..\3rdpart\Registry.h">
      <Filter>Source\Func</Filter>
    </ClInclude>
    <ClInclude Include="..\Core\Network\Tests\NetworkClientMock.h">
      <Filter>Source\Core\Network\Tests</Filter>
    </ClInclude>
    <ClInclude Include="..\Core\Upload\AdvancedUploadEngine.h">
      <Filter>Source\Core\Upload</Filter>
    </ClInclude>
    <ClInclude Include="..\Core\Upload\MegaNzUploadEngine.h">
      <Filter>Source\Core\Upload</Filter>
    </ClInclude>
  </ItemGroup>
  <ItemGroup>
    <None Include="..\Core\Scripting\API\Tests\globals.nut">
      <Filter>Source\Core\Scripting\API\Tests</Filter>
    </None>
  </ItemGroup>
</Project>